
Microsoft Visual Studio Solution File, Format Version 12.00
# Visual Studio 15
VisualStudioVersion = 15.0.27703.2047
MinimumVisualStudioVersion = 10.0.40219.1
Project("{FAE04EC0-301F-11D3-BF4B-00C04F79EFBC}") = "Second Attempt", "Second Attempt\Second Attempt.csproj", "{1E535F20-8F4D-473C-BC46-33A4D14A7B25}"
EndProject
Global
	GlobalSection(SolutionConfigurationPlatforms) = preSolution
		Debug|Any CPU = Debug|Any CPU
		Release|Any CPU = Release|Any CPU
	EndGlobalSection
	GlobalSection(ProjectConfigurationPlatforms) = postSolution
		{1E535F20-8F4D-473C-BC46-33A4D14A7B25}.Debug|Any CPU.ActiveCfg = Debug|Any CPU
		{1E535F20-8F4D-473C-BC46-33A4D14A7B25}.Debug|Any CPU.Build.0 = Debug|Any CPU
		{1E535F20-8F4D-473C-BC46-33A4D14A7B25}.Release|Any CPU.ActiveCfg = Release|Any CPU
		{1E535F20-8F4D-473C-BC46-33A4D14A7B25}.Release|Any CPU.Build.0 = Release|Any CPU
	EndGlobalSection
	GlobalSection(SolutionProperties) = preSolution
		HideSolutionNode = FALSE
	EndGlobalSection
	GlobalSection(ExtensibilityGlobals) = postSolution
		SolutionGuid = {EEC4F32C-03FC-4F8B-95C9-D7389EE614A7}
	EndGlobalSection
EndGlobal
